Microsoft Visual Studio Solution File, Format Version 12.00
# Visual Studio Version 17
VisualStudioVersion = 17.5.2.0
MinimumVisualStudioVersion = 10.0.40219.1
Project("{FAE04EC0-301F-11D3-BF4B-00C04F79EFBC}") = "AzubiverwaltungBackEnd", "AzubiverwaltungBackEnd\AzubiverwaltungBackEnd.csproj", "{25488D5B-169A-CB9A-2ADA-7E190B9CE823}"
EndProject
Global
	GlobalSection(SolutionConfigurationPlatforms) = preSolution
		Debug|Any CPU = Debug|Any CPU
		Release|Any CPU = Release|Any CPU
	EndGlobalSection
	GlobalSection(ProjectConfigurationPlatforms) = postSolution
		{25488D5B-169A-CB9A-2ADA-7E190B9CE823}.Debug|Any CPU.ActiveCfg = Debug|Any CPU
		{25488D5B-169A-CB9A-2ADA-7E190B9CE823}.Debug|Any CPU.Build.0 = Debug|Any CPU
		{25488D5B-169A-CB9A-2ADA-7E190B9CE823}.Release|Any CPU.ActiveCfg = Release|Any CPU
		{25488D5B-169A-CB9A-2ADA-7E190B9CE823}.Release|Any CPU.Build.0 = Release|Any CPU
	EndGlobalSection
	GlobalSection(SolutionProperties) = preSolution
		HideSolutionNode = FALSE
	EndGlobalSection
	GlobalSection(ExtensibilityGlobals) = postSolution
		SolutionGuid = {6BAB5924-7DD9-4E52-BADC-AEC1CABB0CC8}
	EndGlobalSection
EndGlobal
